
Microsoft Visual Studio Solution File, Format Version 11.00
# Visual C# Express 2010
Project("{FAE04EC0-301F-11D3-BF4B-00C04F79EFBC}") = "Test_Masiva", "Test_Masiva\Test_Masiva.csproj", "{7867D030-135E-4E04-B5D0-192012DF730B}"
EndProject
Global
	GlobalSection(SolutionConfigurationPlatforms) = preSolution
		Debug|x86 = Debug|x86
		Release|x86 = Release|x86
	EndGlobalSection
	GlobalSection(ProjectConfigurationPlatforms) = postSolution
		{7867D030-135E-4E04-B5D0-192012DF730B}.Debug|x86.ActiveCfg = Debug|x86
		{7867D030-135E-4E04-B5D0-192012DF730B}.Debug|x86.Build.0 = Debug|x86
		{7867D030-135E-4E04-B5D0-192012DF730B}.Release|x86.ActiveCfg = Release|x86
		{7867D030-135E-4E04-B5D0-192012DF730B}.Release|x86.Build.0 = Release|x86
	EndGlobalSection
	GlobalSection(SolutionProperties) = preSolution
		HideSolutionNode = FALSE
	EndGlobalSection
EndGlobal
